
Microsoft Visual Studio Solution File, Format Version 12.00
# Visual Studio 14
VisualStudioVersion = 14.0.24720.0
MinimumVisualStudioVersion = 10.0.40219.1
Project("{FAE04EC0-301F-11D3-BF4B-00C04F79EFBC}") = "Курсовая", "MapEditor\Курсовая.csproj", "{D33065FE-5A2F-4002-9769-AE9FD970906B}"
EndProject
Project("{FAE04EC0-301F-11D3-BF4B-00C04F79EFBC}") = "YandexAPI", "YandexAPI\YandexAPI.csproj", "{FFC34E3D-8BD0-48F1-8D2B-5474179FCB79}"
EndProject
Global
	GlobalSection(SolutionConfigurationPlatforms) = preSolution
		Debug|Any CPU = Debug|Any CPU
		Release|Any CPU = Release|Any CPU
	EndGlobalSection
	GlobalSection(ProjectConfigurationPlatforms) = postSolution
		{D33065FE-5A2F-4002-9769-AE9FD970906B}.Debug|Any CPU.ActiveCfg = Debug|Any CPU
		{D33065FE-5A2F-4002-9769-AE9FD970906B}.Debug|Any CPU.Build.0 = Debug|Any CPU
		{D33065FE-5A2F-4002-9769-AE9FD970906B}.Release|Any CPU.ActiveCfg = Release|Any CPU
		{D33065FE-5A2F-4002-9769-AE9FD970906B}.Release|Any CPU.Build.0 = Release|Any CPU
		{FFC34E3D-8BD0-48F1-8D2B-5474179FCB79}.Debug|Any CPU.ActiveCfg = Debug|Any CPU
		{FFC34E3D-8BD0-48F1-8D2B-5474179FCB79}.Debug|Any CPU.Build.0 = Debug|Any CPU
		{FFC34E3D-8BD0-48F1-8D2B-5474179FCB79}.Release|Any CPU.ActiveCfg = Release|Any CPU
		{FFC34E3D-8BD0-48F1-8D2B-5474179FCB79}.Release|Any CPU.Build.0 = Release|Any CPU
	EndGlobalSection
	GlobalSection(SolutionProperties) = preSolution
		HideSolutionNode = FALSE
	EndGlobalSection
EndGlobal
